
Microsoft Visual Studio Solution File, Format Version 12.00
# Visual Studio Version 17
VisualStudioVersion = 17.0.32014.148
MinimumVisualStudioVersion = 10.0.40219.1
Project("{9A19103F-16F7-4668-BE54-9A1E7A4F7556}") = "Anotai.API", "Anotai.API\Anotai.API.csproj", "{4D3E8E70-FF9C-4AF4-AC5D-3831E5A755CB}"
EndProject
Project("{2150E333-8FDC-42A3-9474-1A3956D46DE8}") = "1 - Web", "1 - Web", "{6D1BBD25-670E-40EB-9B63-2CBC69C83F8E}"
EndProject
Project("{2150E333-8FDC-42A3-9474-1A3956D46DE8}") = "2 - Application", "2 - Application", "{A7F51574-C013-42F5-90E5-8AEEFD0ED21D}"
EndProject
Project("{2150E333-8FDC-42A3-9474-1A3956D46DE8}") = "4 - Infra", "4 - Infra", "{535C8F1F-79BA-414A-A14F-7E76C09B49F3}"
EndProject
Project("{2150E333-8FDC-42A3-9474-1A3956D46DE8}") = "3 - Domain", "3 - Domain", "{E488039A-1026-4398-A757-42B9F851597E}"
EndProject
Project("{FAE04EC0-301F-11D3-BF4B-00C04F79EFBC}") = "Anotai.Application", "Anotai.Application\Anotai.Application.csproj", "{B1875F78-B44F-4A98-88F6-9D2C1C0905F7}"
EndProject
Project("{FAE04EC0-301F-11D3-BF4B-00C04F79EFBC}") = "Anotai.Data", "Anotai.Infra\Anotai.Data.csproj", "{89408F0A-7999-448B-9DCD-69518C5194C9}"
EndProject
Project("{FAE04EC0-301F-11D3-BF4B-00C04F79EFBC}") = "Anotai.Domain", "Anotai.Domain\Anotai.Domain.csproj", "{F75A2D7B-3BF4-4556-8245-8DCD056A98FA}"
EndProject
Project("{2150E333-8FDC-42A3-9474-1A3956D46DE8}") = "4.1 - Data", "4.1 - Data", "{08F763D7-98FE-45A8-87A2-DB8783DBD89C}"
EndProject
Project("{2150E333-8FDC-42A3-9474-1A3956D46DE8}") = "4.2 - CrossCutting", "4.2 - CrossCutting", "{BFE8838C-329C-4828-BF94-D1E1A9611EBC}"
EndProject
Global
	GlobalSection(SolutionConfigurationPlatforms) = preSolution
		Debug|Any CPU = Debug|Any CPU
		Release|Any CPU = Release|Any CPU
	EndGlobalSection
	GlobalSection(ProjectConfigurationPlatforms) = postSolution
		{4D3E8E70-FF9C-4AF4-AC5D-3831E5A755CB}.Debug|Any CPU.ActiveCfg = Debug|Any CPU
		{4D3E8E70-FF9C-4AF4-AC5D-3831E5A755CB}.Debug|Any CPU.Build.0 = Debug|Any CPU
		{4D3E8E70-FF9C-4AF4-AC5D-3831E5A755CB}.Release|Any CPU.ActiveCfg = Release|Any CPU
		{4D3E8E70-FF9C-4AF4-AC5D-3831E5A755CB}.Release|Any CPU.Build.0 = Release|Any CPU
		{B1875F78-B44F-4A98-88F6-9D2C1C0905F7}.Debug|Any CPU.ActiveCfg = Debug|Any CPU
		{B1875F78-B44F-4A98-88F6-9D2C1C0905F7}.Debug|Any CPU.Build.0 = Debug|Any CPU
		{B1875F78-B44F-4A98-88F6-9D2C1C0905F7}.Release|Any CPU.ActiveCfg = Release|Any CPU
		{B1875F78-B44F-4A98-88F6-9D2C1C0905F7}.Release|Any CPU.Build.0 = Release|Any CPU
		{89408F0A-7999-448B-9DCD-69518C5194C9}.Debug|Any CPU.ActiveCfg = Debug|Any CPU
		{89408F0A-7999-448B-9DCD-69518C5194C9}.Debug|Any CPU.Build.0 = Debug|Any CPU
		{89408F0A-7999-448B-9DCD-69518C5194C9}.Release|Any CPU.ActiveCfg = Release|Any CPU
		{89408F0A-7999-448B-9DCD-69518C5194C9}.Release|Any CPU.Build.0 = Release|Any CPU
		{F75A2D7B-3BF4-4556-8245-8DCD056A98FA}.Debug|Any CPU.ActiveCfg = Debug|Any CPU
		{F75A2D7B-3BF4-4556-8245-8DCD056A98FA}.Debug|Any CPU.Build.0 = Debug|Any CPU
		{F75A2D7B-3BF4-4556-8245-8DCD056A98FA}.Release|Any CPU.ActiveCfg = Release|Any CPU
		{F75A2D7B-3BF4-4556-8245-8DCD056A98FA}.Release|Any CPU.Build.0 = Release|Any CPU
	EndGlobalSection
	GlobalSection(SolutionProperties) = preSolution
		HideSolutionNode = FALSE
	EndGlobalSection
	GlobalSection(NestedProjects) = preSolution
		{4D3E8E70-FF9C-4AF4-AC5D-3831E5A755CB} = {6D1BBD25-670E-40EB-9B63-2CBC69C83F8E}
		{B1875F78-B44F-4A98-88F6-9D2C1C0905F7} = {A7F51574-C013-42F5-90E5-8AEEFD0ED21D}
		{89408F0A-7999-448B-9DCD-69518C5194C9} = {08F763D7-98FE-45A8-87A2-DB8783DBD89C}
		{F75A2D7B-3BF4-4556-8245-8DCD056A98FA} = {E488039A-1026-4398-A757-42B9F851597E}
		{08F763D7-98FE-45A8-87A2-DB8783DBD89C} = {535C8F1F-79BA-414A-A14F-7E76C09B49F3}
		{BFE8838C-329C-4828-BF94-D1E1A9611EBC} = {535C8F1F-79BA-414A-A14F-7E76C09B49F3}
	EndGlobalSection
	GlobalSection(ExtensibilityGlobals) = postSolution
		SolutionGuid = {24A5DBED-F19C-4D2F-B55B-0D946B02506E}
	EndGlobalSection
EndGlobal
